
Microsoft Visual Studio Solution File, Format Version 12.00
# Visual Studio Version 17
VisualStudioVersion = 17.6.33829.357
MinimumVisualStudioVersion = 10.0.40219.1
Project("{FAE04EC0-301F-11D3-BF4B-00C04F79EFBC}") = "API", "API\API.csproj", "{3389F603-6E71-4F5D-B765-2CE351DF7490}"
EndProject
Project("{FAE04EC0-301F-11D3-BF4B-00C04F79EFBC}") = "Application", "Application\Application.csproj", "{06D51928-3FF7-45BA-B821-584812B591E2}"
EndProject
Project("{FAE04EC0-301F-11D3-BF4B-00C04F79EFBC}") = "Domain", "Domain\Domain.csproj", "{119EE49B-B90B-4AA0-AC45-9BDA17E80D60}"
EndProject
Project("{FAE04EC0-301F-11D3-BF4B-00C04F79EFBC}") = "Persistence", "Persistence\Persistence.csproj", "{0B9A48DB-DB4D-40F0-A72A-C49085F11198}"
EndProject
Global
	GlobalSection(SolutionConfigurationPlatforms) = preSolution
		Debug|Any CPU = Debug|Any CPU
		Release|Any CPU = Release|Any CPU
	EndGlobalSection
	GlobalSection(ProjectConfigurationPlatforms) = postSolution
		{3389F603-6E71-4F5D-B765-2CE351DF7490}.Debug|Any CPU.ActiveCfg = Debug|Any CPU
		{3389F603-6E71-4F5D-B765-2CE351DF7490}.Debug|Any CPU.Build.0 = Debug|Any CPU
		{3389F603-6E71-4F5D-B765-2CE351DF7490}.Release|Any CPU.ActiveCfg = Release|Any CPU
		{3389F603-6E71-4F5D-B765-2CE351DF7490}.Release|Any CPU.Build.0 = Release|Any CPU
		{06D51928-3FF7-45BA-B821-584812B591E2}.Debug|Any CPU.ActiveCfg = Debug|Any CPU
		{06D51928-3FF7-45BA-B821-584812B591E2}.Debug|Any CPU.Build.0 = Debug|Any CPU
		{06D51928-3FF7-45BA-B821-584812B591E2}.Release|Any CPU.ActiveCfg = Release|Any CPU
		{06D51928-3FF7-45BA-B821-584812B591E2}.Release|Any CPU.Build.0 = Release|Any CPU
		{119EE49B-B90B-4AA0-AC45-9BDA17E80D60}.Debug|Any CPU.ActiveCfg = Debug|Any CPU
		{119EE49B-B90B-4AA0-AC45-9BDA17E80D60}.Debug|Any CPU.Build.0 = Debug|Any CPU
		{119EE49B-B90B-4AA0-AC45-9BDA17E80D60}.Release|Any CPU.ActiveCfg = Release|Any CPU
		{119EE49B-B90B-4AA0-AC45-9BDA17E80D60}.Release|Any CPU.Build.0 = Release|Any CPU
		{0B9A48DB-DB4D-40F0-A72A-C49085F11198}.Debug|Any CPU.ActiveCfg = Debug|Any CPU
		{0B9A48DB-DB4D-40F0-A72A-C49085F11198}.Debug|Any CPU.Build.0 = Debug|Any CPU
		{0B9A48DB-DB4D-40F0-A72A-C49085F11198}.Release|Any CPU.ActiveCfg = Release|Any CPU
		{0B9A48DB-DB4D-40F0-A72A-C49085F11198}.Release|Any CPU.Build.0 = Release|Any CPU
	EndGlobalSection
	GlobalSection(SolutionProperties) = preSolution
		HideSolutionNode = FALSE
	EndGlobalSection
	GlobalSection(ExtensibilityGlobals) = postSolution
		SolutionGuid = {57D5D797-DF3C-4B9D-BD58-34F7C6A55BAD}
	EndGlobalSection
EndGlobal
